<Solution>
  <Configurations>
    <Platform Name="arm64" />
    <Platform Name="x64" />
    <Platform Name="x86" />
  </Configurations>
  <Folder Name="/src/">
    <Project Path="src/SimplePad.UWP.App/SimplePad.UWP.App.csproj" Id="92198b67-4390-4eba-b8ab-e10b51409a38">
      <Platform Solution="*|arm64" Project="arm64" />
      <Platform Solution="*|x64" Project="x64" />
      <Platform Solution="*|x86" Project="x86" />
      <Deploy />
    </Project>
  </Folder>
  <Folder Name="/src/Core/">
    <Project Path="src/SimplePad.Core.UWP/SimplePad.Core.UWP.csproj" Id="752857f5-0db1-41a1-89fa-90ee4ce3fbd6">
      <Platform Solution="*|arm64" Project="arm64" />
      <Platform Solution="*|x64" Project="x64" />
      <Platform Solution="*|x86" Project="x86" />
    </Project>
    <Project Path="src/SimplePad.Core.WinUI/SimplePad.Core.WinUI.csproj" Id="ce4b0bb3-6b82-4304-88bc-5b6b77445175" />
    <Project Path="src/SimplePad.Core/SimplePad.Core.csproj" Id="7bd6b997-f727-44f4-8983-855db6c3d6dc" />
  </Folder>
  <Folder Name="/src/Editor/">
    <Project Path="src/SimplePad.Editor.Settings.UWP/SimplePad.Editor.Settings.UWP.csproj" Id="5483a5ea-452e-47d7-97ae-efc48269cab2">
      <Platform Solution="*|arm64" Project="arm64" />
      <Platform Solution="*|x64" Project="x64" />
      <Platform Solution="*|x86" Project="x86" />
    </Project>
    <Project Path="src/SimplePad.Editor.UWP/SimplePad.Editor.UWP.csproj" Id="501647df-dd37-44eb-b036-5408009becdb">
      <Platform Solution="*|arm64" Project="arm64" />
      <Platform Solution="*|x64" Project="x64" />
      <Platform Solution="*|x86" Project="x86" />
    </Project>
    <Project Path="src/SimplePad.Editor.WinUI/SimplePad.Editor.WinUI.csproj" Id="f1f58dae-d68f-4eaf-b453-e2ae20a36014" />
    <Project Path="src/SimplePad.Editor/SimplePad.Editor.csproj" Id="45aa27a6-2ed8-41a0-8aff-b5e0b306bd0d" />
  </Folder>
  <Folder Name="/src/File/">
    <Project Path="src/SimplePad.File.UWP/SimplePad.File.UWP.csproj" Id="dcb5aecd-20b2-4d71-8595-58b545fc3064">
      <Platform Solution="*|arm64" Project="arm64" />
      <Platform Solution="*|x64" Project="x64" />
      <Platform Solution="*|x86" Project="x86" />
    </Project>
    <Project Path="src/SimplePad.File.WinUI/SimplePad.File.WinUI.csproj" Id="83e07977-c2af-4ed8-83a9-8636394340dd" />
    <Project Path="src/SimplePad.File/SimplePad.File.csproj" Id="9e67b93e-525c-41a6-a86f-7403330ebccb" />
  </Folder>
  <Folder Name="/src/Fonts/">
    <Project Path="src/SimplePad.Fonts.Settings.UWP/SimplePad.Fonts.Settings.UWP.csproj" Id="0ff0dcd4-aa8f-4a12-bc61-67b7ed553841">
      <Platform Solution="*|arm64" Project="arm64" />
      <Platform Solution="*|x64" Project="x64" />
      <Platform Solution="*|x86" Project="x86" />
    </Project>
    <Project Path="src/SimplePad.Fonts.Settings.WinUI/SimplePad.Fonts.Settings.WinUI.csproj" Id="cb8038f6-5d4d-4821-8c29-ee1c694e8b5c" />
    <Project Path="src/SimplePad.Fonts.Settings.WPF/SimplePad.Fonts.Settings.WPF.csproj" Id="1baf39e7-a08a-4e22-8cf4-7f04539f7b42" />
    <Project Path="src/SimplePad.Fonts.UWP.TestApp/SimplePad.Fonts.UWP.TestApp.csproj" Id="777c41ab-aa44-4d0a-9171-f8570e3dd383">
      <Platform Solution="*|arm64" Project="arm64" />
      <Platform Solution="*|x64" Project="x64" />
      <Platform Solution="*|x86" Project="x86" />
      <Deploy />
    </Project>
    <Project Path="src/SimplePad.Fonts.UWP/SimplePad.Fonts.UWP.csproj" Id="fd561f56-062b-4198-b4ae-e504582ba883">
      <Platform Solution="*|arm64" Project="arm64" />
      <Platform Solution="*|x64" Project="x64" />
      <Platform Solution="*|x86" Project="x86" />
    </Project>
    <Project Path="src/SimplePad.Fonts.WinUI/SimplePad.Fonts.WinUI.csproj" Id="ce461602-8d7c-450a-80b2-04cb43eccc87" />
    <Project Path="src/SimplePad.Fonts.WPF.TestApp/SimplePad.Fonts.WPF.TestApp.csproj" Id="4bc4cd7c-66c7-4139-a8e0-8964dfbaa558" />
    <Project Path="src/SimplePad.Fonts.WPF/SimplePad.Fonts.WPF.csproj" Id="4e3d3ac9-6e28-451a-b565-ba0c2e43cfe7" />
    <Project Path="src/SimplePad.Fonts/SimplePad.Fonts.csproj" Id="ae213d3d-1755-4b75-9f8e-60282907e9e0" />
  </Folder>
  <Folder Name="/src/Legacy/">
    <Project Path="src/SimplePad.UWP.UI/SimplePad.UWP.UI.csproj" Id="412a0a39-7710-453d-a7e7-aa394412b863" />
  </Folder>
  <Folder Name="/src/Menu/">
    <Project Path="src/SimplePad.Menu.UWP/SimplePad.Menu.UWP.csproj" Id="f027335a-18c4-49a1-af28-8a3dd6723ac1">
      <Platform Solution="*|arm64" Project="arm64" />
      <Platform Solution="*|x64" Project="x64" />
      <Platform Solution="*|x86" Project="x86" />
    </Project>
    <Project Path="src/SimplePad.Menu/SimplePad.Menu.csproj" Id="77ef9037-73f6-48ae-b0ed-5f469feed9f7" />
  </Folder>
  <Folder Name="/src/Search/">
    <Project Path="src/SimplePad.Search.UWP/SimplePad.Search.UWP.csproj" Id="fd4b2fcb-c5fb-4d68-890d-06f751716e4c">
      <Platform Solution="*|arm64" Project="arm64" />
      <Platform Solution="*|x64" Project="x64" />
      <Platform Solution="*|x86" Project="x86" />
    </Project>
    <Project Path="src/SimplePad.Search.WinUI/SimplePad.Search.WinUI.csproj" Id="6ad7c8d1-775b-4877-ae68-c43e19d81a1c" />
    <Project Path="src/SimplePad.Search/SimplePad.Search.csproj" Id="d19a19b2-8532-4b94-b2de-4eeea027af3e" />
  </Folder>
  <Folder Name="/src/Settings/">
    <Project Path="src/SimplePad.Settings.UWP/SimplePad.Settings.UWP.csproj" Id="727ab450-311c-4550-86e5-b709c999025e">
      <Platform Solution="*|arm64" Project="arm64" />
      <Platform Solution="*|x64" Project="x64" />
      <Platform Solution="*|x86" Project="x86" />
    </Project>
    <Project Path="src/SimplePad.Settings.WinUI/SimplePad.Settings.WinUI.csproj" Id="5ab2daa9-d3d7-4c11-add2-d7e5e9cf68dc" />
    <Project Path="src/SimplePad.Settings.WPF/SimplePad.Settings.WPF.csproj" Id="3e2429c7-545d-45c7-9cfd-dafb385b1587" />
    <Project Path="src/SimplePad.Settings/SimplePad.Settings.csproj" Id="8c2a786b-e304-4f8c-954f-d8d2c49320c4" />
  </Folder>
  <Folder Name="/src/StatusBar/">
    <Project Path="src/SimplePad.StatusBar.UWP/SimplePad.StatusBar.UWP.csproj" Id="b9b42731-998c-4449-9d10-95a828816454">
      <Platform Solution="*|arm64" Project="arm64" />
      <Platform Solution="*|x64" Project="x64" />
      <Platform Solution="*|x86" Project="x86" />
    </Project>
    <Project Path="src/SimplePad.StatusBar.WinUI/SimplePad.StatusBar.WinUI.csproj" Id="c1ddfd77-5e69-4550-818f-bd89f0ce6972" />
    <Project Path="src/SimplePad.StatusBar.WPF/SimplePad.StatusBar.WPF.csproj" Id="f667317c-b698-4a8d-b8a1-533062096361" />
    <Project Path="src/SimplePad.StatusBar/SimplePad.StatusBar.csproj" Id="95a45aed-93fc-4727-bfce-3e97e3afcf82" />
  </Folder>
  <Folder Name="/src/Tabs/">
    <Project Path="src/SimplePad.Tabs.Settings.UWP/SimplePad.Tabs.Settings.UWP.csproj" Id="8f18325c-3a40-4d3f-aa4b-af18f5bbbdcf">
      <Platform Solution="*|arm64" Project="arm64" />
      <Platform Solution="*|x64" Project="x64" />
      <Platform Solution="*|x86" Project="x86" />
    </Project>
    <Project Path="SRC/SimplePad.Tabs.UWP/SimplePad.Tabs.UWP.csproj" Id="1d445707-c47e-4468-8076-34fee5e0a8a3">
      <Platform Solution="*|arm64" Project="arm64" />
      <Platform Solution="*|x64" Project="x64" />
      <Platform Solution="*|x86" Project="x86" />
    </Project>
    <Project Path="src/SimplePad.Tabs/SimplePad.Tabs.csproj" Id="3f59faac-cb0c-4a91-a342-64ff8ecb02fd" />
  </Folder>
  <Folder Name="/src/Themes/">
    <Project Path="src/SimplePad.Themes.Settings.UWP/SimplePad.Themes.Settings.UWP.csproj" Id="6a0eb3e2-084b-43f4-9a29-ece3e377019c">
      <Platform Solution="*|arm64" Project="arm64" />
      <Platform Solution="*|x64" Project="x64" />
      <Platform Solution="*|x86" Project="x86" />
    </Project>
    <Project Path="src/SimplePad.Themes.UWP/SimplePad.Themes.UWP.csproj" Id="ed7a6847-27f2-4107-8778-15cc3c560a42">
      <Platform Solution="*|arm64" Project="arm64" />
      <Platform Solution="*|x64" Project="x64" />
      <Platform Solution="*|x86" Project="x86" />
    </Project>
    <Project Path="src/SimplePad.Themes.WinUI/SimplePad.Themes.WinUI.csproj" Id="ed39a3ea-719b-42a6-9184-9378895f898d" />
    <Project Path="src/SimplePad.Themes/SimplePad.Themes.csproj" Id="3be60e45-351f-429a-8d79-d6579abbafb1" />
  </Folder>
  <Folder Name="/src/Windowing/">
    <Project Path="src/SimplePad.Windowing.UWP/SimplePad.Windowing.UWP.csproj" Id="1632a377-3080-4ece-bd07-569a6d825dd5">
      <Platform Solution="*|arm64" Project="arm64" />
      <Platform Solution="*|x64" Project="x64" />
      <Platform Solution="*|x86" Project="x86" />
    </Project>
    <Project Path="src/SimplePad.Windowing/SimplePad.Windowing.csproj" Id="07423f35-8b33-43d6-a883-b2eb2b9cb91b" />
  </Folder>
</Solution>
